
Microsoft Visual Studio Solution File, Format Version 12.00
# Visual Studio 2012
Project("{FAE04EC0-301F-11D3-BF4B-00C04F79EFBC}") = "EventsProtocolsDelegates", "EventsProtocolsDelegates\EventsProtocolsDelegates.csproj", "{D119D372-5C3C-45BD-A0F5-F402AD3AAC53}"
EndProject
Global
	GlobalSection(SolutionConfigurationPlatforms) = preSolution
		Debug|iPhoneSimulator = Debug|iPhoneSimulator
		Release|iPhone = Release|iPhone
		Release|iPhoneSimulator = Release|iPhoneSimulator
		Debug|iPhone = Debug|iPhone
	EndGlobalSection
	GlobalSection(ProjectConfigurationPlatforms) = postSolution
		{D119D372-5C3C-45BD-A0F5-F402AD3AAC53}.Debug|iPhoneSimulator.ActiveCfg = Debug|iPhoneSimulator
		{D119D372-5C3C-45BD-A0F5-F402AD3AAC53}.Debug|iPhoneSimulator.Build.0 = Debug|iPhoneSimulator
		{D119D372-5C3C-45BD-A0F5-F402AD3AAC53}.Release|iPhone.ActiveCfg = Release|iPhone
		{D119D372-5C3C-45BD-A0F5-F402AD3AAC53}.Release|iPhone.Build.0 = Release|iPhone
		{D119D372-5C3C-45BD-A0F5-F402AD3AAC53}.Release|iPhoneSimulator.ActiveCfg = Release|iPhoneSimulator
		{D119D372-5C3C-45BD-A0F5-F402AD3AAC53}.Release|iPhoneSimulator.Build.0 = Release|iPhoneSimulator
		{D119D372-5C3C-45BD-A0F5-F402AD3AAC53}.Debug|iPhone.ActiveCfg = Debug|iPhone
		{D119D372-5C3C-45BD-A0F5-F402AD3AAC53}.Debug|iPhone.Build.0 = Debug|iPhone
	EndGlobalSection
EndGlobal
